
Microsoft Visual Studio Solution File, Format Version 12.00
# Visual Studio Version 17
VisualStudioVersion = 17.10.35013.160
MinimumVisualStudioVersion = 10.0.40219.1
Project("{FAE04EC0-301F-11D3-BF4B-00C04F79EFBC}") = "ScreenSound-04", "ScreenSound-04\ScreenSound-04.csproj", "{427572F5-7F93-4922-804E-63D465211CD6}"
EndProject
Global
	GlobalSection(SolutionConfigurationPlatforms) = preSolution
		Debug|Any CPU = Debug|Any CPU
		Release|Any CPU = Release|Any CPU
	EndGlobalSection
	GlobalSection(ProjectConfigurationPlatforms) = postSolution
		{427572F5-7F93-4922-804E-63D465211CD6}.Debug|Any CPU.ActiveCfg = Debug|Any CPU
		{427572F5-7F93-4922-804E-63D465211CD6}.Debug|Any CPU.Build.0 = Debug|Any CPU
		{427572F5-7F93-4922-804E-63D465211CD6}.Release|Any CPU.ActiveCfg = Release|Any CPU
		{427572F5-7F93-4922-804E-63D465211CD6}.Release|Any CPU.Build.0 = Release|Any CPU
	EndGlobalSection
	GlobalSection(SolutionProperties) = preSolution
		HideSolutionNode = FALSE
	EndGlobalSection
	GlobalSection(ExtensibilityGlobals) = postSolution
		SolutionGuid = {FDB57308-381D-496D-926D-CFF65FD005DD}
	EndGlobalSection
EndGlobal
